
Microsoft Visual Studio Solution File, Format Version 12.00
# Visual Studio Version 17
VisualStudioVersion = 17.0.32014.148
MinimumVisualStudioVersion = 10.0.40219.1
Project("{9A19103F-16F7-4668-BE54-9A1E7A4F7556}") = "MudBlazorPlayground", "MudBlazorPlayground.csproj", "{7797AF3A-19EE-4743-A7CA-61DD6A80C39B}"
EndProject
Global
	GlobalSection(SolutionConfigurationPlatforms) = preSolution
		Debug|Any CPU = Debug|Any CPU
		Release|Any CPU = Release|Any CPU
	EndGlobalSection
	GlobalSection(ProjectConfigurationPlatforms) = postSolution
		{7797AF3A-19EE-4743-A7CA-61DD6A80C39B}.Debug|Any CPU.ActiveCfg = Debug|Any CPU
		{7797AF3A-19EE-4743-A7CA-61DD6A80C39B}.Debug|Any CPU.Build.0 = Debug|Any CPU
		{7797AF3A-19EE-4743-A7CA-61DD6A80C39B}.Release|Any CPU.ActiveCfg = Release|Any CPU
		{7797AF3A-19EE-4743-A7CA-61DD6A80C39B}.Release|Any CPU.Build.0 = Release|Any CPU
	EndGlobalSection
	GlobalSection(SolutionProperties) = preSolution
		HideSolutionNode = FALSE
	EndGlobalSection
	GlobalSection(ExtensibilityGlobals) = postSolution
		SolutionGuid = {B7820AE8-36EF-46F7-83CE-249235498455}
	EndGlobalSection
EndGlobal
